
Microsoft Visual Studio Solution File, Format Version 12.00
# Visual Studio Version 17
VisualStudioVersion = 17.5.33530.505
MinimumVisualStudioVersion = 10.0.40219.1
Project("{9A19103F-16F7-4668-BE54-9A1E7A4F7556}") = "DesafioProjetoHospedagem", "DesafioProjetoHospedagem.csproj", "{AC2CF2F1-C5A0-4BCF-A854-89CEBC91ED9F}"
EndProject
Global
	GlobalSection(SolutionConfigurationPlatforms) = preSolution
		Debug|Any CPU = Debug|Any CPU
		Release|Any CPU = Release|Any CPU
	EndGlobalSection
	GlobalSection(ProjectConfigurationPlatforms) = postSolution
		{AC2CF2F1-C5A0-4BCF-A854-89CEBC91ED9F}.Debug|Any CPU.ActiveCfg = Debug|Any CPU
		{AC2CF2F1-C5A0-4BCF-A854-89CEBC91ED9F}.Debug|Any CPU.Build.0 = Debug|Any CPU
		{AC2CF2F1-C5A0-4BCF-A854-89CEBC91ED9F}.Release|Any CPU.ActiveCfg = Release|Any CPU
		{AC2CF2F1-C5A0-4BCF-A854-89CEBC91ED9F}.Release|Any CPU.Build.0 = Release|Any CPU
	EndGlobalSection
	GlobalSection(SolutionProperties) = preSolution
		HideSolutionNode = FALSE
	EndGlobalSection
	GlobalSection(ExtensibilityGlobals) = postSolution
		SolutionGuid = {2DD68B05-A7A6-4580-BAC0-B3156C34A922}
	EndGlobalSection
EndGlobal
